{
    "_readme": [
        "This file locks the dependencies of your project to a known state",
        "Read more about it at https://getcomposer.org/doc/01-basic-usage.md#installing-dependencies",
        "This file is @generated automatically"
    ],
    "content-hash": "f1460e5ea8bbb04c6b7fc7e9879dadc4",
    "packages": [
        {
            "name": "erusev/parsedown",
            "version": "1.8.0",
            "source": {
                "type": "git",
                "url": "https://github.com/erusev/parsedown.git",
                "reference": "96baaad00f71ba04d76e45b4620f54d3beabd6f7"
            },
            "dist": {
                "type": "zip",
                "url": "https://api.github.com/repos/erusev/parsedown/zipball/96baaad00f71ba04d76e45b4620f54d3beabd6f7",
                "reference": "96baaad00f71ba04d76e45b4620f54d3beabd6f7",
                "shasum": ""
            },
            "require": {
                "ext-mbstring": "*",
                "php": ">=7.1"
            },
            "require-dev": {
                "phpunit/phpunit": "^7.5|^8.5|^9.6"
            },
            "type": "library",
            "autoload": {
                "psr-0": {
                    "Parsedown": ""
                }
            },
            "notification-url": "https://packagist.org/downloads/",
            "license": [
                "MIT"
            ],
            "authors": [
                {
                    "name": "Emanuil Rusev",
                    "email": "hello@erusev.com",
                    "homepage": "http://erusev.com"
                }
            ],
            "description": "Parser for Markdown.",
            "homepage": "http://parsedown.org",
            "keywords": [
                "markdown",
                "parser"
            ],
            "support": {
                "issues": "https://github.com/erusev/parsedown/issues",
                "source": "https://github.com/erusev/parsedown/tree/1.8.0"
            },
            "funding": [
                {
                    "url": "https://github.com/erusev",
                    "type": "github"
                }
            ],
            "time": "2026-02-16T11:41:01+00:00"
        },
        {
            "name": "inc2734/wp-github-plugin-updater",
            "version": "3.1.17",
            "source": {
                "type": "git",
                "url": "https://github.com/inc2734/wp-github-plugin-updater.git",
                "reference": "697604eec2ccfebf3cde87afb3836ab892f889f3"
            },
            "dist": {
                "type": "zip",
                "url": "https://api.github.com/repos/inc2734/wp-github-plugin-updater/zipball/697604eec2ccfebf3cde87afb3836ab892f889f3",
                "reference": "697604eec2ccfebf3cde87afb3836ab892f889f3",
                "shasum": ""
            },
            "require": {
                "erusev/parsedown": "^1.7",
                "php": ">=7.4"
            },
            "require-dev": {
                "dealerdirect/phpcodesniffer-composer-installer": "^1.0",
                "phpcompatibility/phpcompatibility-wp": "*",
                "wp-coding-standards/wpcs": "^3.1",
                "yoast/phpunit-polyfills": "^1.1"
            },
            "type": "library",
            "autoload": {
                "psr-4": {
                    "Inc2734\\WP_GitHub_Plugin_Updater\\": "src"
                }
            },
            "notification-url": "https://packagist.org/downloads/",
            "license": [
                "GPL-2.0-or-later"
            ],
            "authors": [
                {
                    "name": "Takashi Kitajima",
                    "email": "inc@2inc.org"
                }
            ],
            "description": "A library for WordPress that automatic plugin updater with GitHub API.",
            "support": {
                "issues": "https://github.com/inc2734/wp-github-plugin-updater/issues",
                "source": "https://github.com/inc2734/wp-github-plugin-updater/tree/3.1.17"
            },
            "time": "2026-08-03T02:14:44+00:00"
        }
    ],
    "packages-dev": [],
    "aliases": [],
    "minimum-stability": "stable",
    "stability-flags": {},
    "prefer-stable": false,
    "prefer-lowest": false,
    "platform": {
        "php": ">=7.4"
    },
    "platform-dev": {},
    "plugin-api-version": "2.9.0"
}
